
Microsoft Visual Studio Solution File, Format Version 12.00
# Visual Studio Version 16
VisualStudioVersion = 16.0.31129.286
MinimumVisualStudioVersion = 10.0.40219.1
Project("{FAE04EC0-301F-11D3-BF4B-00C04F79EFBC}") = "NSSuiteClientCSharp.Library", "NSSuiteClientCSharp.Library\NSSuiteClientCSharp.Library.csproj", "{7B852957-9B2A-4798-8482-32D48AF6FAF0}"
EndProject
Project("{FAE04EC0-301F-11D3-BF4B-00C04F79EFBC}") = "NSSuiteClientCSharp.Forms", "NSSuiteClientCSharp.Forms\NSSuiteClientCSharp.Forms.csproj", "{1C962C38-DF3D-49BA-88BE-407701044017}"
EndProject
Project("{FAE04EC0-301F-11D3-BF4B-00C04F79EFBC}") = "NSSuiteClientCSharp.Testes", "NSSuiteClientCSharp.Testes\NSSuiteClientCSharp.Testes.csproj", "{DE95A8B4-84D1-4959-B3A4-A2D716B02B9A}"
EndProject
Global
	GlobalSection(SolutionConfigurationPlatforms) = preSolution
		Debug|Any CPU = Debug|Any CPU
		Release|Any CPU = Release|Any CPU
	EndGlobalSection
	GlobalSection(ProjectConfigurationPlatforms) = postSolution
		{7B852957-9B2A-4798-8482-32D48AF6FAF0}.Debug|Any CPU.ActiveCfg = Debug|Any CPU
		{7B852957-9B2A-4798-8482-32D48AF6FAF0}.Debug|Any CPU.Build.0 = Debug|Any CPU
		{7B852957-9B2A-4798-8482-32D48AF6FAF0}.Release|Any CPU.ActiveCfg = Release|Any CPU
		{7B852957-9B2A-4798-8482-32D48AF6FAF0}.Release|Any CPU.Build.0 = Release|Any CPU
		{1C962C38-DF3D-49BA-88BE-407701044017}.Debug|Any CPU.ActiveCfg = Debug|Any CPU
		{1C962C38-DF3D-49BA-88BE-407701044017}.Debug|Any CPU.Build.0 = Debug|Any CPU
		{1C962C38-DF3D-49BA-88BE-407701044017}.Release|Any CPU.ActiveCfg = Release|Any CPU
		{1C962C38-DF3D-49BA-88BE-407701044017}.Release|Any CPU.Build.0 = Release|Any CPU
		{DE95A8B4-84D1-4959-B3A4-A2D716B02B9A}.Debug|Any CPU.ActiveCfg = Debug|Any CPU
		{DE95A8B4-84D1-4959-B3A4-A2D716B02B9A}.Debug|Any CPU.Build.0 = Debug|Any CPU
		{DE95A8B4-84D1-4959-B3A4-A2D716B02B9A}.Release|Any CPU.ActiveCfg = Release|Any CPU
		{DE95A8B4-84D1-4959-B3A4-A2D716B02B9A}.Release|Any CPU.Build.0 = Release|Any CPU
	EndGlobalSection
	GlobalSection(SolutionProperties) = preSolution
		HideSolutionNode = FALSE
	EndGlobalSection
	GlobalSection(ExtensibilityGlobals) = postSolution
		SolutionGuid = {D91E3D03-D52D-4778-AD4E-A87FCAAEDBD0}
	EndGlobalSection
EndGlobal
